// !$*UTF8*$!
{
	archiveVersion = 1;
	classes = {
	};
	objectVersion = 56;
	objects = {

/* Begin PBXBuildFile section */
		EA0721AF2A102CE300C66CD5 /* AIAgentApp.swift in Sources */ = {isa = PBXBuildFile; fileRef = EA0721AE2A102CE300C66CD5 /* AIAgentApp.swift */; };
		EA0721B12A102CE300C66CD5 /* HomeView.swift in Sources */ = {isa = PBXBuildFile; fileRef = EA0721B02A102CE300C66CD5 /* HomeView.swift */; };
		EA0721B32A102CE500C66CD5 /* Assets.xcassets in Resources */ = {isa = PBXBuildFile; fileRef = EA0721B22A102CE500C66CD5 /* Assets.xcassets */; };
		EA0721B62A102CE500C66CD5 /* Preview Assets.xcassets in Resources */ = {isa = PBXBuildFile; fileRef = EA0721B52A102CE500C66CD5 /* Preview Assets.xcassets */; };
		EA0721B82A102CE500C66CD5 /* Persistence.swift in Sources */ = {isa = PBXBuildFile; fileRef = EA0721B72A102CE500C66CD5 /* Persistence.swift */; };
		EA0721BB2A102CE500C66CD5 /* AIAgent.xcdatamodeld in Sources */ = {isa = PBXBuildFile; fileRef = EA0721B92A102CE500C66CD5 /* AIAgent.xcdatamodeld */; };
		EA0721C52A102CE500C66CD5 /* HomeViewTests.swift in Sources */ = {isa = PBXBuildFile; fileRef = EA0721C42A102CE500C66CD5 /* HomeViewTests.swift */; };
		EA0721E42A10379F00C66CD5 /* ViewInspector in Frameworks */ = {isa = PBXBuildFile; productRef = EA0721E32A10379F00C66CD5 /* ViewInspector */; };
		EA0721E82A103BBA00C66CD5 /* Inspectable+Model.swift in Sources */ = {isa = PBXBuildFile; fileRef = EA0721E72A103BBA00C66CD5 /* Inspectable+Model.swift */; };
		EA0721EA2A103D3800C66CD5 /* Inspection.swift in Sources */ = {isa = PBXBuildFile; fileRef = EA0721E92A103D3800C66CD5 /* Inspection.swift */; };
		EA0721EC2A10476A00C66CD5 /* EditPromptView.swift in Sources */ = {isa = PBXBuildFile; fileRef = EA0721EB2A10476A00C66CD5 /* EditPromptView.swift */; };
		EA0721EE2A1048D600C66CD5 /* EditPromptViewTests.swift in Sources */ = {isa = PBXBuildFile; fileRef = EA0721ED2A1048D600C66CD5 /* EditPromptViewTests.swift */; };
		EA0721F02A104FB200C66CD5 /* ImagePickerView.swift in Sources */ = {isa = PBXBuildFile; fileRef = EA0721EF2A104FB200C66CD5 /* ImagePickerView.swift */; };
		EA0721F22A104FDB00C66CD5 /* ImagePicker.swift in Sources */ = {isa = PBXBuildFile; fileRef = EA0721F12A104FDB00C66CD5 /* ImagePicker.swift */; };
		EA0721F42A11359800C66CD5 /* Prompt.swift in Sources */ = {isa = PBXBuildFile; fileRef = EA0721F32A11359800C66CD5 /* Prompt.swift */; };
		EA0721F62A11619800C66CD5 /* PromptCellView.swift in Sources */ = {isa = PBXBuildFile; fileRef = EA0721F52A11619800C66CD5 /* PromptCellView.swift */; };
		EA0721F82A1161F600C66CD5 /* EditPromptViewModel.swift in Sources */ = {isa = PBXBuildFile; fileRef = EA0721F72A1161F600C66CD5 /* EditPromptViewModel.swift */; };
/* End PBXBuildFile section */

/* Begin PBXContainerItemProxy section */
		EA0721C12A102CE500C66CD5 /* PBXContainerItemProxy */ = {
			isa = PBXContainerItemProxy;
			containerPortal = EA0721A32A102CE300C66CD5 /* Project object */;
			proxyType = 1;
			remoteGlobalIDString = EA0721AA2A102CE300C66CD5;
			remoteInfo = AIAgent;
		};
/* End PBXContainerItemProxy section */

/* Begin PBXFileReference section */
		EA0721AB2A102CE300C66CD5 /* AIAgent.app */ = {isa = PBXFileReference; explicitFileType = wrapper.application; includeInIndex = 0; path = AIAgent.app; sourceTree = BUILT_PRODUCTS_DIR; };
		EA0721AE2A102CE300C66CD5 /* AIAgentApp.swift */ = {isa = PBXFileReference; lastKnownFileType = sourcecode.swift; path = AIAgentApp.swift; sourceTree = "<group>"; };
		EA0721B02A102CE300C66CD5 /* HomeView.swift */ = {isa = PBXFileReference; lastKnownFileType = sourcecode.swift; path = HomeView.swift; sourceTree = "<group>"; };
		EA0721B22A102CE500C66CD5 /* Assets.xcassets */ = {isa = PBXFileReference; lastKnownFileType = folder.assetcatalog; path = Assets.xcassets; sourceTree = "<group>"; };
		EA0721B52A102CE500C66CD5 /* Preview Assets.xcassets */ = {isa = PBXFileReference; lastKnownFileType = folder.assetcatalog; path = "Preview Assets.xcassets"; sourceTree = "<group>"; };
		EA0721B72A102CE500C66CD5 /* Persistence.swift */ = {isa = PBXFileReference; lastKnownFileType = sourcecode.swift; path = Persistence.swift; sourceTree = "<group>"; };
		EA0721BA2A102CE500C66CD5 /* AIAgent.xcdatamodel */ = {isa = PBXFileReference; lastKnownFileType = wrapper.xcdatamodel; path = AIAgent.xcdatamodel; sourceTree = "<group>"; };
		EA0721C02A102CE500C66CD5 /* AIAgentTests.xctest */ = {isa = PBXFileReference; explicitFileType = wrapper.cfbundle; includeInIndex = 0; path = AIAgentTests.xctest; sourceTree = BUILT_PRODUCTS_DIR; };
		EA0721C42A102CE500C66CD5 /* HomeViewTests.swift */ = {isa = PBXFileReference; lastKnownFileType = sourcecode.swift; path = HomeViewTests.swift; sourceTree = "<group>"; };
		EA0721E72A103BBA00C66CD5 /* Inspectable+Model.swift */ = {isa = PBXFileReference; lastKnownFileType = sourcecode.swift; path = "Inspectable+Model.swift"; sourceTree = "<group>"; };
		EA0721E92A103D3800C66CD5 /* Inspection.swift */ = {isa = PBXFileReference; lastKnownFileType = sourcecode.swift; path = Inspection.swift; sourceTree = "<group>"; };
		EA0721EB2A10476A00C66CD5 /* EditPromptView.swift */ = {isa = PBXFileReference; lastKnownFileType = sourcecode.swift; path = EditPromptView.swift; sourceTree = "<group>"; };
		EA0721ED2A1048D600C66CD5 /* EditPromptViewTests.swift */ = {isa = PBXFileReference; lastKnownFileType = sourcecode.swift; path = EditPromptViewTests.swift; sourceTree = "<group>"; };
		EA0721EF2A104FB200C66CD5 /* ImagePickerView.swift */ = {isa = PBXFileReference; lastKnownFileType = sourcecode.swift; path = ImagePickerView.swift; sourceTree = "<group>"; };
		EA0721F12A104FDB00C66CD5 /* ImagePicker.swift */ = {isa = PBXFileReference; lastKnownFileType = sourcecode.swift; path = ImagePicker.swift; sourceTree = "<group>"; };
		EA0721F32A11359800C66CD5 /* Prompt.swift */ = {isa = PBXFileReference; lastKnownFileType = sourcecode.swift; path = Prompt.swift; sourceTree = "<group>"; };
		EA0721F52A11619800C66CD5 /* PromptCellView.swift */ = {isa = PBXFileReference; lastKnownFileType = sourcecode.swift; path = PromptCellView.swift; sourceTree = "<group>"; };
		EA0721F72A1161F600C66CD5 /* EditPromptViewModel.swift */ = {isa = PBXFileReference; lastKnownFileType = sourcecode.swift; path = EditPromptViewModel.swift; sourceTree = "<group>"; };
/* End PBXFileReference section */

/* Begin PBXFrameworksBuildPhase section */
		EA0721A82A102CE300C66CD5 /* Frameworks */ = {
			isa = PBXFrameworksBuildPhase;
			buildActionMask = 2147483647;
			files = (
			);
			runOnlyForDeploymentPostprocessing = 0;
		};
		EA0721BD2A102CE500C66CD5 /* Frameworks */ = {
			isa = PBXFrameworksBuildPhase;
			buildActionMask = 2147483647;
			files = (
				EA0721E42A10379F00C66CD5 /* ViewInspector in Frameworks */,
			);
			runOnlyForDeploymentPostprocessing = 0;
		};
/* End PBXFrameworksBuildPhase section */

/* Begin PBXGroup section */
		EA0721A22A102CE300C66CD5 = {
			isa = PBXGroup;
			children = (
				EA0721AD2A102CE300C66CD5 /* AIAgent */,
				EA0721C32A102CE500C66CD5 /* AIAgentTests */,
				EA0721AC2A102CE300C66CD5 /* Products */,
				EA0721E22A10379F00C66CD5 /* Frameworks */,
			);
			sourceTree = "<group>";
		};
		EA0721AC2A102CE300C66CD5 /* Products */ = {
			isa = PBXGroup;
			children = (
				EA0721AB2A102CE300C66CD5 /* AIAgent.app */,
				EA0721C02A102CE500C66CD5 /* AIAgentTests.xctest */,
			);
			name = Products;
			sourceTree = "<group>";
		};
		EA0721AD2A102CE300C66CD5 /* AIAgent */ = {
			isa = PBXGroup;
			children = (
				EA0721AE2A102CE300C66CD5 /* AIAgentApp.swift */,
				EA0721B02A102CE300C66CD5 /* HomeView.swift */,
				EA0721F52A11619800C66CD5 /* PromptCellView.swift */,
				EA0721EB2A10476A00C66CD5 /* EditPromptView.swift */,
				EA0721F72A1161F600C66CD5 /* EditPromptViewModel.swift */,
				EA0721F12A104FDB00C66CD5 /* ImagePicker.swift */,
				EA0721EF2A104FB200C66CD5 /* ImagePickerView.swift */,
				EA0721E92A103D3800C66CD5 /* Inspection.swift */,
				EA0721DD2A10329B00C66CD5 /* Model */,
				EA0721B42A102CE500C66CD5 /* Preview Content */,
				EA0721DE2A1032A600C66CD5 /* Resources */,
			);
			path = AIAgent;
			sourceTree = "<group>";
		};
		EA0721B42A102CE500C66CD5 /* Preview Content */ = {
			isa = PBXGroup;
			children = (
				EA0721B52A102CE500C66CD5 /* Preview Assets.xcassets */,
			);
			path = "Preview Content";
			sourceTree = "<group>";
		};
		EA0721C32A102CE500C66CD5 /* AIAgentTests */ = {
			isa = PBXGroup;
			children = (
				EA0721C42A102CE500C66CD5 /* HomeViewTests.swift */,
				EA0721ED2A1048D600C66CD5 /* EditPromptViewTests.swift */,
				EA0721E72A103BBA00C66CD5 /* Inspectable+Model.swift */,
			);
			path = AIAgentTests;
			sourceTree = "<group>";
		};
		EA0721DD2A10329B00C66CD5 /* Model */ = {
			isa = PBXGroup;
			children = (
				EA0721B92A102CE500C66CD5 /* AIAgent.xcdatamodeld */,
				EA0721B72A102CE500C66CD5 /* Persistence.swift */,
				EA0721F32A11359800C66CD5 /* Prompt.swift */,
			);
			path = Model;
			sourceTree = "<group>";
		};
		EA0721DE2A1032A600C66CD5 /* Resources */ = {
			isa = PBXGroup;
			children = (
				EA0721B22A102CE500C66CD5 /* Assets.xcassets */,
			);
			path = Resources;
			sourceTree = "<group>";
		};
		EA0721E22A10379F00C66CD5 /* Frameworks */ = {
			isa = PBXGroup;
			children = (
			);
			name = Frameworks;
			sourceTree = "<group>";
		};
/* End PBXGroup section */

/* Begin PBXNativeTarget section */
		EA0721AA2A102CE300C66CD5 /* AIAgent */ = {
			isa = PBXNativeTarget;
			buildConfigurationList = EA0721D42A102CE500C66CD5 /* Build configuration list for PBXNativeTarget "AIAgent" */;
			buildPhases = (
				EA0721A72A102CE300C66CD5 /* Sources */,
				EA0721A82A102CE300C66CD5 /* Frameworks */,
				EA0721A92A102CE300C66CD5 /* Resources */,
			);
			buildRules = (
			);
			dependencies = (
			);
			name = AIAgent;
			packageProductDependencies = (
			);
			productName = AIAgent;
			productReference = EA0721AB2A102CE300C66CD5 /* AIAgent.app */;
			productType = "com.apple.product-type.application";
		};
		EA0721BF2A102CE500C66CD5 /* AIAgentTests */ = {
			isa = PBXNativeTarget;
			buildConfigurationList = EA0721D72A102CE500C66CD5 /* Build configuration list for PBXNativeTarget "AIAgentTests" */;
			buildPhases = (
				EA0721BC2A102CE500C66CD5 /* Sources */,
				EA0721BD2A102CE500C66CD5 /* Frameworks */,
				EA0721BE2A102CE500C66CD5 /* Resources */,
			);
			buildRules = (
			);
			dependencies = (
				EA0721C22A102CE500C66CD5 /* PBXTargetDependency */,
			);
			name = AIAgentTests;
			packageProductDependencies = (
				EA0721E32A10379F00C66CD5 /* ViewInspector */,
			);
			productName = AIAgentTests;
			productReference = EA0721C02A102CE500C66CD5 /* AIAgentTests.xctest */;
			productType = "com.apple.product-type.bundle.unit-test";
		};
/* End PBXNativeTarget section */

/* Begin PBXProject section */
		EA0721A32A102CE300C66CD5 /* Project object */ = {
			isa = PBXProject;
			attributes = {
				BuildIndependentTargetsInParallel = 1;
				LastSwiftUpdateCheck = 1420;
				LastUpgradeCheck = 1420;
				TargetAttributes = {
					EA0721AA2A102CE300C66CD5 = {
						CreatedOnToolsVersion = 14.2;
					};
					EA0721BF2A102CE500C66CD5 = {
						CreatedOnToolsVersion = 14.2;
						TestTargetID = EA0721AA2A102CE300C66CD5;
					};
				};
			};
			buildConfigurationList = EA0721A62A102CE300C66CD5 /* Build configuration list for PBXProject "AIAgent" */;
			compatibilityVersion = "Xcode 14.0";
			developmentRegion = en;
			hasScannedForEncodings = 0;
			knownRegions = (
				en,
				Base,
			);
			mainGroup = EA0721A22A102CE300C66CD5;
			packageReferences = (
				EA0721DF2A10362400C66CD5 /* XCRemoteSwiftPackageReference "ViewInspector" */,
			);
			productRefGroup = EA0721AC2A102CE300C66CD5 /* Products */;
			projectDirPath = "";
			projectRoot = "";
			targets = (
				EA0721AA2A102CE300C66CD5 /* AIAgent */,
				EA0721BF2A102CE500C66CD5 /* AIAgentTests */,
			);
		};
/* End PBXProject section */

/* Begin PBXResourcesBuildPhase section */
		EA0721A92A102CE300C66CD5 /* Resources */ = {
			isa = PBXResourcesBuildPhase;
			buildActionMask = 2147483647;
			files = (
				EA0721B62A102CE500C66CD5 /* Preview Assets.xcassets in Resources */,
				EA0721B32A102CE500C66CD5 /* Assets.xcassets in Resources */,
			);
			runOnlyForDeploymentPostprocessing = 0;
		};
		EA0721BE2A102CE500C66CD5 /* Resources */ = {
			isa = PBXResourcesBuildPhase;
			buildActionMask = 2147483647;
			files = (
			);
			runOnlyForDeploymentPostprocessing = 0;
		};
/* End PBXResourcesBuildPhase section */

/* Begin PBXSourcesBuildPhase section */
		EA0721A72A102CE300C66CD5 /* Sources */ = {
			isa = PBXSourcesBuildPhase;
			buildActionMask = 2147483647;
			files = (
				EA0721B82A102CE500C66CD5 /* Persistence.swift in Sources */,
				EA0721BB2A102CE500C66CD5 /* AIAgent.xcdatamodeld in Sources */,
				EA0721EC2A10476A00C66CD5 /* EditPromptView.swift in Sources */,
				EA0721B12A102CE300C66CD5 /* HomeView.swift in Sources */,
				EA0721F62A11619800C66CD5 /* PromptCellView.swift in Sources */,
				EA0721F02A104FB200C66CD5 /* ImagePickerView.swift in Sources */,
				EA0721F22A104FDB00C66CD5 /* ImagePicker.swift in Sources */,
				EA0721EA2A103D3800C66CD5 /* Inspection.swift in Sources */,
				EA0721F42A11359800C66CD5 /* Prompt.swift in Sources */,
				EA0721AF2A102CE300C66CD5 /* AIAgentApp.swift in Sources */,
				EA0721F82A1161F600C66CD5 /* EditPromptViewModel.swift in Sources */,
			);
			runOnlyForDeploymentPostprocessing = 0;
		};
		EA0721BC2A102CE500C66CD5 /* Sources */ = {
			isa = PBXSourcesBuildPhase;
			buildActionMask = 2147483647;
			files = (
				EA0721C52A102CE500C66CD5 /* HomeViewTests.swift in Sources */,
				EA0721E82A103BBA00C66CD5 /* Inspectable+Model.swift in Sources */,
				EA0721EE2A1048D600C66CD5 /* EditPromptViewTests.swift in Sources */,
			);
			runOnlyForDeploymentPostprocessing = 0;
		};
/* End PBXSourcesBuildPhase section */

/* Begin PBXTargetDependency section */
		EA0721C22A102CE500C66CD5 /* PBXTargetDependency */ = {
			isa = PBXTargetDependency;
			target = EA0721AA2A102CE300C66CD5 /* AIAgent */;
			targetProxy = EA0721C12A102CE500C66CD5 /* PBXContainerItemProxy */;
		};
/* End PBXTargetDependency section */

/* Begin XCBuildConfiguration section */
		EA0721D22A102CE500C66CD5 /* Debug */ = {
			isa = XCBuildConfiguration;
			buildSettings = {
				ALWAYS_SEARCH_USER_PATHS = NO;
				CLANG_ANALYZER_NONNULL = YES;
				CLANG_ANALYZER_NUMBER_OBJECT_CONVERSION = YES_AGGRESSIVE;
				CLANG_CXX_LANGUAGE_STANDARD = "gnu++20";
				CLANG_ENABLE_MODULES = YES;
				CLANG_ENABLE_OBJC_ARC = YES;
				CLANG_ENABLE_OBJC_WEAK = YES;
				CLANG_WARN_BLOCK_CAPTURE_AUTORELEASING = YES;
				CLANG_WARN_BOOL_CONVERSION = YES;
				CLANG_WARN_COMMA = YES;
				CLANG_WARN_CONSTANT_CONVERSION = YES;
				CLANG_WARN_DEPRECATED_OBJC_IMPLEMENTATIONS = YES;
				CLANG_WARN_DIRECT_OBJC_ISA_USAGE = YES_ERROR;
				CLANG_WARN_DOCUMENTATION_COMMENTS = YES;
				CLANG_WARN_EMPTY_BODY = YES;
				CLANG_WARN_ENUM_CONVERSION = YES;
				CLANG_WARN_INFINITE_RECURSION = YES;
				CLANG_WARN_INT_CONVERSION = YES;
				CLANG_WARN_NON_LITERAL_NULL_CONVERSION = YES;
				CLANG_WARN_OBJC_IMPLICIT_RETAIN_SELF = YES;
				CLANG_WARN_OBJC_LITERAL_CONVERSION = YES;
				CLANG_WARN_OBJC_ROOT_CLASS = YES_ERROR;
				CLANG_WARN_QUOTED_INCLUDE_IN_FRAMEWORK_HEADER = YES;
				CLANG_WARN_RANGE_LOOP_ANALYSIS = YES;
				CLANG_WARN_STRICT_PROTOTYPES = YES;
				CLANG_WARN_SUSPICIOUS_MOVE = YES;
				CLANG_WARN_UNGUARDED_AVAILABILITY = YES_AGGRESSIVE;
				CLANG_WARN_UNREACHABLE_CODE = YES;
				CLANG_WARN__DUPLICATE_METHOD_MATCH = YES;
				COPY_PHASE_STRIP = NO;
				DEBUG_INFORMATION_FORMAT = dwarf;
				ENABLE_STRICT_OBJC_MSGSEND = YES;
				ENABLE_TESTABILITY = YES;
				GCC_C_LANGUAGE_STANDARD = gnu11;
				GCC_DYNAMIC_NO_PIC = NO;
				GCC_NO_COMMON_BLOCKS = YES;
				GCC_OPTIMIZATION_LEVEL = 0;
				GCC_PREPROCESSOR_DEFINITIONS = (
					"DEBUG=1",
					"$(inherited)",
				);
				GCC_WARN_64_TO_32_BIT_CONVERSION = YES;
				GCC_WARN_ABOUT_RETURN_TYPE = YES_ERROR;
				GCC_WARN_UNDECLARED_SELECTOR = YES;
				GCC_WARN_UNINITIALIZED_AUTOS = YES_AGGRESSIVE;
				GCC_WARN_UNUSED_FUNCTION = YES;
				GCC_WARN_UNUSED_VARIABLE = YES;
				IPHONEOS_DEPLOYMENT_TARGET = 16.2;
				MTL_ENABLE_DEBUG_INFO = INCLUDE_SOURCE;
				MTL_FAST_MATH = YES;
				ONLY_ACTIVE_ARCH = YES;
				SDKROOT = iphoneos;
				SWIFT_ACTIVE_COMPILATION_CONDITIONS = DEBUG;
				SWIFT_OPTIMIZATION_LEVEL = "-Onone";
			};
			name = Debug;
		};
		EA0721D32A102CE500C66CD5 /* Release */ = {
			isa = XCBuildConfiguration;
			buildSettings = {
				ALWAYS_SEARCH_USER_PATHS = NO;
				CLANG_ANALYZER_NONNULL = YES;
				CLANG_ANALYZER_NUMBER_OBJECT_CONVERSION = YES_AGGRESSIVE;
				CLANG_CXX_LANGUAGE_STANDARD = "gnu++20";
				CLANG_ENABLE_MODULES = YES;
				CLANG_ENABLE_OBJC_ARC = YES;
				CLANG_ENABLE_OBJC_WEAK = YES;
				CLANG_WARN_BLOCK_CAPTURE_AUTORELEASING = YES;
				CLANG_WARN_BOOL_CONVERSION = YES;
				CLANG_WARN_COMMA = YES;
				CLANG_WARN_CONSTANT_CONVERSION = YES;
				CLANG_WARN_DEPRECATED_OBJC_IMPLEMENTATIONS = YES;
				CLANG_WARN_DIRECT_OBJC_ISA_USAGE = YES_ERROR;
				CLANG_WARN_DOCUMENTATION_COMMENTS = YES;
				CLANG_WARN_EMPTY_BODY = YES;
				CLANG_WARN_ENUM_CONVERSION = YES;
				CLANG_WARN_INFINITE_RECURSION = YES;
				CLANG_WARN_INT_CONVERSION = YES;
				CLANG_WARN_NON_LITERAL_NULL_CONVERSION = YES;
				CLANG_WARN_OBJC_IMPLICIT_RETAIN_SELF = YES;
				CLANG_WARN_OBJC_LITERAL_CONVERSION = YES;
				CLANG_WARN_OBJC_ROOT_CLASS = YES_ERROR;
				CLANG_WARN_QUOTED_INCLUDE_IN_FRAMEWORK_HEADER = YES;
				CLANG_WARN_RANGE_LOOP_ANALYSIS = YES;
				CLANG_WARN_STRICT_PROTOTYPES = YES;
				CLANG_WARN_SUSPICIOUS_MOVE = YES;
				CLANG_WARN_UNGUARDED_AVAILABILITY = YES_AGGRESSIVE;
				CLANG_WARN_UNREACHABLE_CODE = YES;
				CLANG_WARN__DUPLICATE_METHOD_MATCH = YES;
				COPY_PHASE_STRIP = NO;
				DEBUG_INFORMATION_FORMAT = "dwarf-with-dsym";
				ENABLE_NS_ASSERTIONS = NO;
				ENABLE_STRICT_OBJC_MSGSEND = YES;
				GCC_C_LANGUAGE_STANDARD = gnu11;
				GCC_NO_COMMON_BLOCKS = YES;
				GCC_WARN_64_TO_32_BIT_CONVERSION = YES;
				GCC_WARN_ABOUT_RETURN_TYPE = YES_ERROR;
				GCC_WARN_UNDECLARED_SELECTOR = YES;
				GCC_WARN_UNINITIALIZED_AUTOS = YES_AGGRESSIVE;
				GCC_WARN_UNUSED_FUNCTION = YES;
				GCC_WARN_UNUSED_VARIABLE = YES;
				IPHONEOS_DEPLOYMENT_TARGET = 16.2;
				MTL_ENABLE_DEBUG_INFO = NO;
				MTL_FAST_MATH = YES;
				SDKROOT = iphoneos;
				SWIFT_COMPILATION_MODE = wholemodule;
				SWIFT_OPTIMIZATION_LEVEL = "-O";
				VALIDATE_PRODUCT = YES;
			};
			name = Release;
		};
		EA0721D52A102CE500C66CD5 /* Debug */ = {
			isa = XCBuildConfiguration;
			buildSettings = {
				ASSETCATALOG_COMPILER_APPICON_NAME = AppIcon;
				ASSETCATALOG_COMPILER_GLOBAL_ACCENT_COLOR_NAME = AccentColor;
				CODE_SIGN_STYLE = Automatic;
				CURRENT_PROJECT_VERSION = 1;
				DEVELOPMENT_ASSET_PATHS = "\"AIAgent/Preview Content\"";
				DEVELOPMENT_TEAM = 3NT7YH4NA6;
				ENABLE_PREVIEWS = YES;
				GENERATE_INFOPLIST_FILE = YES;
				INFOPLIST_KEY_UIApplicationSceneManifest_Generation = YES;
				INFOPLIST_KEY_UIApplicationSupportsIndirectInputEvents = YES;
				INFOPLIST_KEY_UILaunchScreen_Generation = YES;
				INFOPLIST_KEY_UISupportedInterfaceOrientations_iPad = "UIInterfaceOrientationPortrait UIInterfaceOrientationPortraitUpsideDown UIInterfaceOrientationLandscapeLeft UIInterfaceOrientationLandscapeRight";
				INFOPLIST_KEY_UISupportedInterfaceOrientations_iPhone = "UIInterfaceOrientationPortrait UIInterfaceOrientationLandscapeLeft UIInterfaceOrientationLandscapeRight";
				LD_RUNPATH_SEARCH_PATHS = (
					"$(inherited)",
					"@executable_path/Frameworks",
				);
				MARKETING_VERSION = 1.0;
				PRODUCT_BUNDLE_IDENTIFIER = com.tonyshort.recipes.AIAgent;
				PRODUCT_NAME = "$(TARGET_NAME)";
				SWIFT_EMIT_LOC_STRINGS = YES;
				SWIFT_VERSION = 5.0;
				TARGETED_DEVICE_FAMILY = "1,2";
			};
			name = Debug;
		};
		EA0721D62A102CE500C66CD5 /* Release */ = {
			isa = XCBuildConfiguration;
			buildSettings = {
				ASSETCATALOG_COMPILER_APPICON_NAME = AppIcon;
				ASSETCATALOG_COMPILER_GLOBAL_ACCENT_COLOR_NAME = AccentColor;
				CODE_SIGN_STYLE = Automatic;
				CURRENT_PROJECT_VERSION = 1;
				DEVELOPMENT_ASSET_PATHS = "\"AIAgent/Preview Content\"";
				DEVELOPMENT_TEAM = 3NT7YH4NA6;
				ENABLE_PREVIEWS = YES;
				GENERATE_INFOPLIST_FILE = YES;
				INFOPLIST_KEY_UIApplicationSceneManifest_Generation = YES;
				INFOPLIST_KEY_UIApplicationSupportsIndirectInputEvents = YES;
				INFOPLIST_KEY_UILaunchScreen_Generation = YES;
				INFOPLIST_KEY_UISupportedInterfaceOrientations_iPad = "UIInterfaceOrientationPortrait UIInterfaceOrientationPortraitUpsideDown UIInterfaceOrientationLandscapeLeft UIInterfaceOrientationLandscapeRight";
				INFOPLIST_KEY_UISupportedInterfaceOrientations_iPhone = "UIInterfaceOrientationPortrait UIInterfaceOrientationLandscapeLeft UIInterfaceOrientationLandscapeRight";
				LD_RUNPATH_SEARCH_PATHS = (
					"$(inherited)",
					"@executable_path/Frameworks",
				);
				MARKETING_VERSION = 1.0;
				PRODUCT_BUNDLE_IDENTIFIER = com.tonyshort.recipes.AIAgent;
				PRODUCT_NAME = "$(TARGET_NAME)";
				SWIFT_EMIT_LOC_STRINGS = YES;
				SWIFT_VERSION = 5.0;
				TARGETED_DEVICE_FAMILY = "1,2";
			};
			name = Release;
		};
		EA0721D82A102CE500C66CD5 /* Debug */ = {
			isa = XCBuildConfiguration;
			buildSettings = {
				ALWAYS_EMBED_SWIFT_STANDARD_LIBRARIES = YES;
				BUNDLE_LOADER = "$(TEST_HOST)";
				CODE_SIGN_STYLE = Automatic;
				CURRENT_PROJECT_VERSION = 1;
				DEVELOPMENT_TEAM = 3NT7YH4NA6;
				GENERATE_INFOPLIST_FILE = YES;
				IPHONEOS_DEPLOYMENT_TARGET = 16.2;
				MARKETING_VERSION = 1.0;
				PRODUCT_BUNDLE_IDENTIFIER = com.tonyshort.recipes.AIAgentTests;
				PRODUCT_NAME = "$(TARGET_NAME)";
				SWIFT_EMIT_LOC_STRINGS = NO;
				SWIFT_VERSION = 5.0;
				TARGETED_DEVICE_FAMILY = "1,2";
				TEST_HOST = "$(BUILT_PRODUCTS_DIR)/AIAgent.app/$(BUNDLE_EXECUTABLE_FOLDER_PATH)/AIAgent";
			};
			name = Debug;
		};
		EA0721D92A102CE500C66CD5 /* Release */ = {
			isa = XCBuildConfiguration;
			buildSettings = {
				ALWAYS_EMBED_SWIFT_STANDARD_LIBRARIES = YES;
				BUNDLE_LOADER = "$(TEST_HOST)";
				CODE_SIGN_STYLE = Automatic;
				CURRENT_PROJECT_VERSION = 1;
				DEVELOPMENT_TEAM = 3NT7YH4NA6;
				GENERATE_INFOPLIST_FILE = YES;
				IPHONEOS_DEPLOYMENT_TARGET = 16.2;
				MARKETING_VERSION = 1.0;
				PRODUCT_BUNDLE_IDENTIFIER = com.tonyshort.recipes.AIAgentTests;
				PRODUCT_NAME = "$(TARGET_NAME)";
				SWIFT_EMIT_LOC_STRINGS = NO;
				SWIFT_VERSION = 5.0;
				TARGETED_DEVICE_FAMILY = "1,2";
				TEST_HOST = "$(BUILT_PRODUCTS_DIR)/AIAgent.app/$(BUNDLE_EXECUTABLE_FOLDER_PATH)/AIAgent";
			};
			name = Release;
		};
/* End XCBuildConfiguration section */

/* Begin XCConfigurationList section */
		EA0721A62A102CE300C66CD5 /* Build configuration list for PBXProject "AIAgent" */ = {
			isa = XCConfigurationList;
			buildConfigurations = (
				EA0721D22A102CE500C66CD5 /* Debug */,
				EA0721D32A102CE500C66CD5 /* Release */,
			);
			defaultConfigurationIsVisible = 0;
			defaultConfigurationName = Release;
		};
		EA0721D42A102CE500C66CD5 /* Build configuration list for PBXNativeTarget "AIAgent" */ = {
			isa = XCConfigurationList;
			buildConfigurations = (
				EA0721D52A102CE500C66CD5 /* Debug */,
				EA0721D62A102CE500C66CD5 /* Release */,
			);
			defaultConfigurationIsVisible = 0;
			defaultConfigurationName = Release;
		};
		EA0721D72A102CE500C66CD5 /* Build configuration list for PBXNativeTarget "AIAgentTests" */ = {
			isa = XCConfigurationList;
			buildConfigurations = (
				EA0721D82A102CE500C66CD5 /* Debug */,
				EA0721D92A102CE500C66CD5 /* Release */,
			);
			defaultConfigurationIsVisible = 0;
			defaultConfigurationName = Release;
		};
/* End XCConfigurationList section */

/* Begin XCRemoteSwiftPackageReference section */
		EA0721DF2A10362400C66CD5 /* XCRemoteSwiftPackageReference "ViewInspector" */ = {
			isa = XCRemoteSwiftPackageReference;
			repositoryURL = "https://github.com/nalexn/ViewInspector";
			requirement = {
				kind = upToNextMajorVersion;
				minimumVersion = 0.9.6;
			};
		};
/* End XCRemoteSwiftPackageReference section */

/* Begin XCSwiftPackageProductDependency section */
		EA0721E32A10379F00C66CD5 /* ViewInspector */ = {
			isa = XCSwiftPackageProductDependency;
			package = EA0721DF2A10362400C66CD5 /* XCRemoteSwiftPackageReference "ViewInspector" */;
			productName = ViewInspector;
		};
/* End XCSwiftPackageProductDependency section */

/* Begin XCVersionGroup section */
		EA0721B92A102CE500C66CD5 /* AIAgent.xcdatamodeld */ = {
			isa = XCVersionGroup;
			children = (
				EA0721BA2A102CE500C66CD5 /* AIAgent.xcdatamodel */,
			);
			currentVersion = EA0721BA2A102CE500C66CD5 /* AIAgent.xcdatamodel */;
			path = AIAgent.xcdatamodeld;
			sourceTree = "<group>";
			versionGroupType = wrapper.xcdatamodel;
		};
/* End XCVersionGroup section */
	};
	rootObject = EA0721A32A102CE300C66CD5 /* Project object */;
}
